PODS:
  - SwiftKeychainWrapper (3.2.0)

DEPENDENCIES:
  - SwiftKeychainWrapper

SPEC REPOS:
  https://github.com/cocoapods/specs.git:
    - SwiftKeychainWrapper

SPEC CHECKSUMS:
  SwiftKeychainWrapper: 82c4c02cdc36f9a24f7edfcaab3e336401caa1a1

PODFILE CHECKSUM: e74ecb742fd6951cf2137dcac96b89d751298aa4

COCOAPODS: 1.6.1
