PODS:
  - SwiftKeychainWrapper (3.2.0)

DEPENDENCIES:
  - SwiftKeychainWrapper

SPEC REPOS:
  https://github.com/cocoapods/specs.git:
    - SwiftKeychainWrapper

SPEC CHECKSUMS:
  SwiftKeychainWrapper: 82c4c02cdc36f9a24f7edfcaab3e336401caa1a1

PODFILE CHECKSUM: 1ddf5cf4f7b750ea11860e64da14fd2680095821

COCOAPODS: 1.5.3
